PODS:
  - Capacitor (7.6.6):
    - CapacitorCordova
  - CapacitorBrowser (7.0.5):
    - Capacitor
  - CapacitorCordova (7.6.6)

DEPENDENCIES:
  - "Capacitor (from `../../node_modules/@capacitor/ios`)"
  - "CapacitorBrowser (from `../../node_modules/@capacitor/browser`)"
  - "CapacitorCordova (from `../../node_modules/@capacitor/ios`)"

EXTERNAL SOURCES:
  Capacitor:
    :path: "../../node_modules/@capacitor/ios"
  CapacitorBrowser:
    :path: "../../node_modules/@capacitor/browser"
  CapacitorCordova:
    :path: "../../node_modules/@capacitor/ios"

SPEC CHECKSUMS:
  Capacitor: 961efd309ab0e390a8081b63c561186f61a6714d
  CapacitorBrowser: 6d09f59655e89aede71654ef08b98de55cf032b6
  CapacitorCordova: 3a4e0027a89a59421c918d19aee9d6ba1c7a3556

PODFILE CHECKSUM: 7115ebfcc8e464367f45d5ad337660b037d4c13c

COCOAPODS: 1.16.2
